
Microsoft Visual Studio Solution File, Format Version 12.00
# Visual Studio Version 17
VisualStudioVersion = 17.6.33815.320
MinimumVisualStudioVersion = 10.0.40219.1
Project("{9A19103F-16F7-4668-BE54-9A1E7A4F7556}") = "LeetCode", "LeetCode\LeetCode.csproj", "{5CEA4B24-3585-4CE0-996D-B216A2CC12CB}"
EndProject
Global
	GlobalSection(SolutionConfigurationPlatforms) = preSolution
		Debug|Any CPU = Debug|Any CPU
		Release|Any CPU = Release|Any CPU
	EndGlobalSection
	GlobalSection(ProjectConfigurationPlatforms) = postSolution
		{5CEA4B24-3585-4CE0-996D-B216A2CC12CB}.Debug|Any CPU.ActiveCfg = Debug|Any CPU
		{5CEA4B24-3585-4CE0-996D-B216A2CC12CB}.Debug|Any CPU.Build.0 = Debug|Any CPU
		{5CEA4B24-3585-4CE0-996D-B216A2CC12CB}.Release|Any CPU.ActiveCfg = Release|Any CPU
		{5CEA4B24-3585-4CE0-996D-B216A2CC12CB}.Release|Any CPU.Build.0 = Release|Any CPU
	EndGlobalSection
	GlobalSection(SolutionProperties) = preSolution
		HideSolutionNode = FALSE
	EndGlobalSection
	GlobalSection(ExtensibilityGlobals) = postSolution
		SolutionGuid = {5F113B00-05CE-4EF5-8876-1D4870546EEB}
	EndGlobalSection
EndGlobal
